{
  "name": "pet_home",
  "lockfileVersion": 3,
  "requires": true,
  "packages": {
    "": {
      "dependencies": {
        "@dcloudio/uni-ui": "^1.5.10"
      }
    },
    "node_modules/@dcloudio/uni-ui": {
      "version": "1.5.10",
      "resolved": "https://registry.npmmirror.com/@dcloudio/uni-ui/-/uni-ui-1.5.10.tgz",
      "integrity": "sha512-v6ylkGSUF6hhgSerm8aVEQE9SBkKz3oNDzorkVC0KLHfulMbkacJQ92YFSQ0kCGeudupVqXuPwNTFjKJF5Qolw==",
      "license": "Apache-2.0"
    }
  }
}
